
Microsoft Visual Studio Solution File, Format Version 12.00
# Visual Studio Version 16
VisualStudioVersion = 16.0.31515.178
MinimumVisualStudioVersion = 10.0.40219.1
Project("{FAE04EC0-301F-11D3-BF4B-00C04F79EFBC}") = "SCPReplace", "SCPReplace\SCPReplace.csproj", "{2CD46172-B3A8-424E-844C-19950FCB4391}"
EndProject
Global
	GlobalSection(SolutionConfigurationPlatforms) = preSolution
		Debug|Any CPU = Debug|Any CPU
		Release|Any CPU = Release|Any CPU
	EndGlobalSection
	GlobalSection(ProjectConfigurationPlatforms) = postSolution
		{2CD46172-B3A8-424E-844C-19950FCB4391}.Debug|Any CPU.ActiveCfg = Debug|Any CPU
		{2CD46172-B3A8-424E-844C-19950FCB4391}.Debug|Any CPU.Build.0 = Debug|Any CPU
		{2CD46172-B3A8-424E-844C-19950FCB4391}.Release|Any CPU.ActiveCfg = Release|Any CPU
		{2CD46172-B3A8-424E-844C-19950FCB4391}.Release|Any CPU.Build.0 = Release|Any CPU
	EndGlobalSection
	GlobalSection(SolutionProperties) = preSolution
		HideSolutionNode = FALSE
	EndGlobalSection
	GlobalSection(ExtensibilityGlobals) = postSolution
		SolutionGuid = {69248EBB-ED81-4421-929C-BC7FA62D1199}
	EndGlobalSection
EndGlobal
